
Microsoft Visual Studio Solution File, Format Version 12.00
# Visual Studio 2012
Project("{FAE04EC0-301F-11D3-BF4B-00C04F79EFBC}") = "TorreyTransfer", "SGSDKCOMcl\TorreyTransfer.csproj", "{6E6D7C8B-79BB-4F85-905D-DFAC6C267CED}"
EndProject
Project("{FAE04EC0-301F-11D3-BF4B-00C04F79EFBC}") = "MainMenu", "MainMenu\MainMenu.csproj", "{4922A29C-BA38-45B6-A7D8-2752613FFF14}"
	ProjectSection(ProjectDependencies) = postProject
		{6E6D7C8B-79BB-4F85-905D-DFAC6C267CED} = {6E6D7C8B-79BB-4F85-905D-DFAC6C267CED}
		{C28E5990-00A7-4A67-91DF-FB51D31096EF} = {C28E5990-00A7-4A67-91DF-FB51D31096EF}
	EndProjectSection
EndProject
Project("{FAE04EC0-301F-11D3-BF4B-00C04F79EFBC}") = "PtoVenta", "PtoVenta\PtoVenta.csproj", "{2DD3B5DC-7E9B-456F-ADA2-72B4C48146F1}"
	ProjectSection(ProjectDependencies) = postProject
		{4922A29C-BA38-45B6-A7D8-2752613FFF14} = {4922A29C-BA38-45B6-A7D8-2752613FFF14}
	EndProjectSection
EndProject
Project("{FAE04EC0-301F-11D3-BF4B-00C04F79EFBC}") = "TreeViewBound", "TreeView\TreeViewBound.csproj", "{C28E5990-00A7-4A67-91DF-FB51D31096EF}"
EndProject
Project("{6141683F-8A12-4E36-9623-2EB02B2C2303}") = "Instalar2", "Instalar2\Instalar2.isproj", "{DB3E5CFD-0511-4494-8609-C0D5ECD62EBA}"
	ProjectSection(ProjectDependencies) = postProject
		{4922A29C-BA38-45B6-A7D8-2752613FFF14} = {4922A29C-BA38-45B6-A7D8-2752613FFF14}
		{2DD3B5DC-7E9B-456F-ADA2-72B4C48146F1} = {2DD3B5DC-7E9B-456F-ADA2-72B4C48146F1}
	EndProjectSection
EndProject
Project("{6141683F-8A12-4E36-9623-2EB02B2C2303}") = "InstalarING", "InstalarING\InstalarING.isproj", "{475F6B6E-65C7-4D3E-A51F-C40AA9D874C5}"
EndProject
Global
	GlobalSection(SolutionConfigurationPlatforms) = preSolution
		Debug|Any CPU = Debug|Any CPU
		Debug|Mixed Platforms = Debug|Mixed Platforms
		Debug|Win32 = Debug|Win32
		Debug|x64 = Debug|x64
		Debug|x86 = Debug|x86
		Release|Any CPU = Release|Any CPU
		Release|Mixed Platforms = Release|Mixed Platforms
		Release|Win32 = Release|Win32
		Release|x64 = Release|x64
		Release|x86 = Release|x86
		SingleImage|Any CPU = SingleImage|Any CPU
		SingleImage|Mixed Platforms = SingleImage|Mixed Platforms
		SingleImage|Win32 = SingleImage|Win32
		SingleImage|x64 = SingleImage|x64
		SingleImage|x86 = SingleImage|x86
	EndGlobalSection
	GlobalSection(ProjectConfigurationPlatforms) = postSolution
		{6E6D7C8B-79BB-4F85-905D-DFAC6C267CED}.Debug|Any CPU.ActiveCfg = Debug|x86
		{6E6D7C8B-79BB-4F85-905D-DFAC6C267CED}.Debug|Mixed Platforms.ActiveCfg = Debug|x86
		{6E6D7C8B-79BB-4F85-905D-DFAC6C267CED}.Debug|Mixed Platforms.Build.0 = Debug|x86
		{6E6D7C8B-79BB-4F85-905D-DFAC6C267CED}.Debug|Win32.ActiveCfg = Debug|x86
		{6E6D7C8B-79BB-4F85-905D-DFAC6C267CED}.Debug|x64.ActiveCfg = Debug|x64
		{6E6D7C8B-79BB-4F85-905D-DFAC6C267CED}.Debug|x64.Build.0 = Debug|x64
		{6E6D7C8B-79BB-4F85-905D-DFAC6C267CED}.Debug|x86.ActiveCfg = Debug|x86
		{6E6D7C8B-79BB-4F85-905D-DFAC6C267CED}.Debug|x86.Build.0 = Debug|x86
		{6E6D7C8B-79BB-4F85-905D-DFAC6C267CED}.Release|Any CPU.ActiveCfg = Release|x86
		{6E6D7C8B-79BB-4F85-905D-DFAC6C267CED}.Release|Mixed Platforms.ActiveCfg = Release|x86
		{6E6D7C8B-79BB-4F85-905D-DFAC6C267CED}.Release|Mixed Platforms.Build.0 = Release|x86
		{6E6D7C8B-79BB-4F85-905D-DFAC6C267CED}.Release|Win32.ActiveCfg = Release|x86
		{6E6D7C8B-79BB-4F85-905D-DFAC6C267CED}.Release|Win32.Build.0 = Release|x86
		{6E6D7C8B-79BB-4F85-905D-DFAC6C267CED}.Release|x64.ActiveCfg = Release|x64
		{6E6D7C8B-79BB-4F85-905D-DFAC6C267CED}.Release|x64.Build.0 = Release|x64
		{6E6D7C8B-79BB-4F85-905D-DFAC6C267CED}.Release|x86.ActiveCfg = Release|x86
		{6E6D7C8B-79BB-4F85-905D-DFAC6C267CED}.Release|x86.Build.0 = Release|x86
		{6E6D7C8B-79BB-4F85-905D-DFAC6C267CED}.SingleImage|Any CPU.ActiveCfg = Debug|x86
		{6E6D7C8B-79BB-4F85-905D-DFAC6C267CED}.SingleImage|Mixed Platforms.ActiveCfg = Debug|x86
		{6E6D7C8B-79BB-4F85-905D-DFAC6C267CED}.SingleImage|Mixed Platforms.Build.0 = Debug|x86
		{6E6D7C8B-79BB-4F85-905D-DFAC6C267CED}.SingleImage|Win32.ActiveCfg = Debug|x86
		{6E6D7C8B-79BB-4F85-905D-DFAC6C267CED}.SingleImage|Win32.Build.0 = Debug|x86
		{6E6D7C8B-79BB-4F85-905D-DFAC6C267CED}.SingleImage|x64.ActiveCfg = Release|x64
		{6E6D7C8B-79BB-4F85-905D-DFAC6C267CED}.SingleImage|x64.Build.0 = Release|x64
		{6E6D7C8B-79BB-4F85-905D-DFAC6C267CED}.SingleImage|x86.ActiveCfg = Release|x86
		{4922A29C-BA38-45B6-A7D8-2752613FFF14}.Debug|Any CPU.ActiveCfg = Debug|x86
		{4922A29C-BA38-45B6-A7D8-2752613FFF14}.Debug|Mixed Platforms.ActiveCfg = Debug|x86
		{4922A29C-BA38-45B6-A7D8-2752613FFF14}.Debug|Mixed Platforms.Build.0 = Debug|x86
		{4922A29C-BA38-45B6-A7D8-2752613FFF14}.Debug|Win32.ActiveCfg = Debug|x86
		{4922A29C-BA38-45B6-A7D8-2752613FFF14}.Debug|x64.ActiveCfg = Debug|x64
		{4922A29C-BA38-45B6-A7D8-2752613FFF14}.Debug|x64.Build.0 = Debug|x64
		{4922A29C-BA38-45B6-A7D8-2752613FFF14}.Debug|x86.ActiveCfg = Debug|x86
		{4922A29C-BA38-45B6-A7D8-2752613FFF14}.Debug|x86.Build.0 = Debug|x86
		{4922A29C-BA38-45B6-A7D8-2752613FFF14}.Release|Any CPU.ActiveCfg = Release|x86
		{4922A29C-BA38-45B6-A7D8-2752613FFF14}.Release|Mixed Platforms.ActiveCfg = Release|x86
		{4922A29C-BA38-45B6-A7D8-2752613FFF14}.Release|Mixed Platforms.Build.0 = Release|x86
		{4922A29C-BA38-45B6-A7D8-2752613FFF14}.Release|Win32.ActiveCfg = Release|x86
		{4922A29C-BA38-45B6-A7D8-2752613FFF14}.Release|Win32.Build.0 = Release|x86
		{4922A29C-BA38-45B6-A7D8-2752613FFF14}.Release|x64.ActiveCfg = Release|x64
		{4922A29C-BA38-45B6-A7D8-2752613FFF14}.Release|x64.Build.0 = Release|x64
		{4922A29C-BA38-45B6-A7D8-2752613FFF14}.Release|x86.ActiveCfg = Release|x86
		{4922A29C-BA38-45B6-A7D8-2752613FFF14}.Release|x86.Build.0 = Release|x86
		{4922A29C-BA38-45B6-A7D8-2752613FFF14}.SingleImage|Any CPU.ActiveCfg = Debug|x86
		{4922A29C-BA38-45B6-A7D8-2752613FFF14}.SingleImage|Mixed Platforms.ActiveCfg = Debug|x86
		{4922A29C-BA38-45B6-A7D8-2752613FFF14}.SingleImage|Mixed Platforms.Build.0 = Debug|x86
		{4922A29C-BA38-45B6-A7D8-2752613FFF14}.SingleImage|Win32.ActiveCfg = Debug|x86
		{4922A29C-BA38-45B6-A7D8-2752613FFF14}.SingleImage|Win32.Build.0 = Debug|x86
		{4922A29C-BA38-45B6-A7D8-2752613FFF14}.SingleImage|x64.ActiveCfg = Release|x64
		{4922A29C-BA38-45B6-A7D8-2752613FFF14}.SingleImage|x64.Build.0 = Release|x64
		{4922A29C-BA38-45B6-A7D8-2752613FFF14}.SingleImage|x86.ActiveCfg = Release|x86
		{2DD3B5DC-7E9B-456F-ADA2-72B4C48146F1}.Debug|Any CPU.ActiveCfg = Debug|x86
		{2DD3B5DC-7E9B-456F-ADA2-72B4C48146F1}.Debug|Mixed Platforms.ActiveCfg = Debug|x86
		{2DD3B5DC-7E9B-456F-ADA2-72B4C48146F1}.Debug|Mixed Platforms.Build.0 = Debug|x86
		{2DD3B5DC-7E9B-456F-ADA2-72B4C48146F1}.Debug|Win32.ActiveCfg = Debug|x86
		{2DD3B5DC-7E9B-456F-ADA2-72B4C48146F1}.Debug|x64.ActiveCfg = Debug|x64
		{2DD3B5DC-7E9B-456F-ADA2-72B4C48146F1}.Debug|x64.Build.0 = Debug|x64
		{2DD3B5DC-7E9B-456F-ADA2-72B4C48146F1}.Debug|x86.ActiveCfg = Debug|x86
		{2DD3B5DC-7E9B-456F-ADA2-72B4C48146F1}.Debug|x86.Build.0 = Debug|x86
		{2DD3B5DC-7E9B-456F-ADA2-72B4C48146F1}.Release|Any CPU.ActiveCfg = Release|x86
		{2DD3B5DC-7E9B-456F-ADA2-72B4C48146F1}.Release|Mixed Platforms.ActiveCfg = Release|x86
		{2DD3B5DC-7E9B-456F-ADA2-72B4C48146F1}.Release|Mixed Platforms.Build.0 = Release|x86
		{2DD3B5DC-7E9B-456F-ADA2-72B4C48146F1}.Release|Win32.ActiveCfg = Release|x86
		{2DD3B5DC-7E9B-456F-ADA2-72B4C48146F1}.Release|Win32.Build.0 = Release|x86
		{2DD3B5DC-7E9B-456F-ADA2-72B4C48146F1}.Release|x64.ActiveCfg = Release|x64
		{2DD3B5DC-7E9B-456F-ADA2-72B4C48146F1}.Release|x64.Build.0 = Release|x64
		{2DD3B5DC-7E9B-456F-ADA2-72B4C48146F1}.Release|x86.ActiveCfg = Release|x86
		{2DD3B5DC-7E9B-456F-ADA2-72B4C48146F1}.Release|x86.Build.0 = Release|x86
		{2DD3B5DC-7E9B-456F-ADA2-72B4C48146F1}.SingleImage|Any CPU.ActiveCfg = Debug|x86
		{2DD3B5DC-7E9B-456F-ADA2-72B4C48146F1}.SingleImage|Mixed Platforms.ActiveCfg = Debug|x86
		{2DD3B5DC-7E9B-456F-ADA2-72B4C48146F1}.SingleImage|Mixed Platforms.Build.0 = Debug|x86
		{2DD3B5DC-7E9B-456F-ADA2-72B4C48146F1}.SingleImage|Win32.ActiveCfg = Debug|x86
		{2DD3B5DC-7E9B-456F-ADA2-72B4C48146F1}.SingleImage|Win32.Build.0 = Debug|x86
		{2DD3B5DC-7E9B-456F-ADA2-72B4C48146F1}.SingleImage|x64.ActiveCfg = Release|x64
		{2DD3B5DC-7E9B-456F-ADA2-72B4C48146F1}.SingleImage|x64.Build.0 = Release|x64
		{2DD3B5DC-7E9B-456F-ADA2-72B4C48146F1}.SingleImage|x86.ActiveCfg = Release|x86
		{C28E5990-00A7-4A67-91DF-FB51D31096EF}.Debug|Any CPU.ActiveCfg = Debug|x86
		{C28E5990-00A7-4A67-91DF-FB51D31096EF}.Debug|Mixed Platforms.ActiveCfg = Debug|x86
		{C28E5990-00A7-4A67-91DF-FB51D31096EF}.Debug|Mixed Platforms.Build.0 = Debug|x86
		{C28E5990-00A7-4A67-91DF-FB51D31096EF}.Debug|Win32.ActiveCfg = Debug|x86
		{C28E5990-00A7-4A67-91DF-FB51D31096EF}.Debug|x64.ActiveCfg = Debug|x64
		{C28E5990-00A7-4A67-91DF-FB51D31096EF}.Debug|x64.Build.0 = Debug|x64
		{C28E5990-00A7-4A67-91DF-FB51D31096EF}.Debug|x86.ActiveCfg = Debug|x86
		{C28E5990-00A7-4A67-91DF-FB51D31096EF}.Debug|x86.Build.0 = Debug|x86
		{C28E5990-00A7-4A67-91DF-FB51D31096EF}.Release|Any CPU.ActiveCfg = Release|x86
		{C28E5990-00A7-4A67-91DF-FB51D31096EF}.Release|Mixed Platforms.ActiveCfg = Release|x86
		{C28E5990-00A7-4A67-91DF-FB51D31096EF}.Release|Mixed Platforms.Build.0 = Release|x86
		{C28E5990-00A7-4A67-91DF-FB51D31096EF}.Release|Win32.ActiveCfg = Release|x86
		{C28E5990-00A7-4A67-91DF-FB51D31096EF}.Release|Win32.Build.0 = Release|x86
		{C28E5990-00A7-4A67-91DF-FB51D31096EF}.Release|x64.ActiveCfg = Release|x64
		{C28E5990-00A7-4A67-91DF-FB51D31096EF}.Release|x64.Build.0 = Release|x64
		{C28E5990-00A7-4A67-91DF-FB51D31096EF}.Release|x86.ActiveCfg = Release|x86
		{C28E5990-00A7-4A67-91DF-FB51D31096EF}.Release|x86.Build.0 = Release|x86
		{C28E5990-00A7-4A67-91DF-FB51D31096EF}.SingleImage|Any CPU.ActiveCfg = Debug|x86
		{C28E5990-00A7-4A67-91DF-FB51D31096EF}.SingleImage|Mixed Platforms.ActiveCfg = Debug|x86
		{C28E5990-00A7-4A67-91DF-FB51D31096EF}.SingleImage|Mixed Platforms.Build.0 = Debug|x86
		{C28E5990-00A7-4A67-91DF-FB51D31096EF}.SingleImage|Win32.ActiveCfg = Debug|x86
		{C28E5990-00A7-4A67-91DF-FB51D31096EF}.SingleImage|Win32.Build.0 = Debug|x86
		{C28E5990-00A7-4A67-91DF-FB51D31096EF}.SingleImage|x64.ActiveCfg = Release|x64
		{C28E5990-00A7-4A67-91DF-FB51D31096EF}.SingleImage|x64.Build.0 = Release|x64
		{C28E5990-00A7-4A67-91DF-FB51D31096EF}.SingleImage|x86.ActiveCfg = Release|x86
		{DB3E5CFD-0511-4494-8609-C0D5ECD62EBA}.Debug|Any CPU.ActiveCfg = DVD-5
		{DB3E5CFD-0511-4494-8609-C0D5ECD62EBA}.Debug|Any CPU.Build.0 = DVD-5
		{DB3E5CFD-0511-4494-8609-C0D5ECD62EBA}.Debug|Mixed Platforms.ActiveCfg = DVD-5
		{DB3E5CFD-0511-4494-8609-C0D5ECD62EBA}.Debug|Mixed Platforms.Build.0 = DVD-5
		{DB3E5CFD-0511-4494-8609-C0D5ECD62EBA}.Debug|Win32.ActiveCfg = DVD-5
		{DB3E5CFD-0511-4494-8609-C0D5ECD62EBA}.Debug|Win32.Build.0 = DVD-5
		{DB3E5CFD-0511-4494-8609-C0D5ECD62EBA}.Debug|x64.ActiveCfg = DVD-5
		{DB3E5CFD-0511-4494-8609-C0D5ECD62EBA}.Debug|x64.Build.0 = DVD-5
		{DB3E5CFD-0511-4494-8609-C0D5ECD62EBA}.Debug|x86.ActiveCfg = SingleImage
		{DB3E5CFD-0511-4494-8609-C0D5ECD62EBA}.Debug|x86.Build.0 = SingleImage
		{DB3E5CFD-0511-4494-8609-C0D5ECD62EBA}.Release|Any CPU.ActiveCfg = SingleImage
		{DB3E5CFD-0511-4494-8609-C0D5ECD62EBA}.Release|Any CPU.Build.0 = SingleImage
		{DB3E5CFD-0511-4494-8609-C0D5ECD62EBA}.Release|Mixed Platforms.ActiveCfg = SingleImage
		{DB3E5CFD-0511-4494-8609-C0D5ECD62EBA}.Release|Mixed Platforms.Build.0 = SingleImage
		{DB3E5CFD-0511-4494-8609-C0D5ECD62EBA}.Release|Win32.ActiveCfg = SingleImage
		{DB3E5CFD-0511-4494-8609-C0D5ECD62EBA}.Release|Win32.Build.0 = SingleImage
		{DB3E5CFD-0511-4494-8609-C0D5ECD62EBA}.Release|x64.ActiveCfg = SingleImage
		{DB3E5CFD-0511-4494-8609-C0D5ECD62EBA}.Release|x64.Build.0 = SingleImage
		{DB3E5CFD-0511-4494-8609-C0D5ECD62EBA}.Release|x86.ActiveCfg = SingleImage
		{DB3E5CFD-0511-4494-8609-C0D5ECD62EBA}.SingleImage|Any CPU.ActiveCfg = SingleImage
		{DB3E5CFD-0511-4494-8609-C0D5ECD62EBA}.SingleImage|Any CPU.Build.0 = SingleImage
		{DB3E5CFD-0511-4494-8609-C0D5ECD62EBA}.SingleImage|Mixed Platforms.ActiveCfg = SingleImage
		{DB3E5CFD-0511-4494-8609-C0D5ECD62EBA}.SingleImage|Mixed Platforms.Build.0 = SingleImage
		{DB3E5CFD-0511-4494-8609-C0D5ECD62EBA}.SingleImage|Win32.ActiveCfg = SingleImage
		{DB3E5CFD-0511-4494-8609-C0D5ECD62EBA}.SingleImage|Win32.Build.0 = SingleImage
		{DB3E5CFD-0511-4494-8609-C0D5ECD62EBA}.SingleImage|x64.ActiveCfg = SingleImage
		{DB3E5CFD-0511-4494-8609-C0D5ECD62EBA}.SingleImage|x64.Build.0 = SingleImage
		{DB3E5CFD-0511-4494-8609-C0D5ECD62EBA}.SingleImage|x86.ActiveCfg = SingleImage
		{475F6B6E-65C7-4D3E-A51F-C40AA9D874C5}.Debug|Any CPU.ActiveCfg = DVD-5
		{475F6B6E-65C7-4D3E-A51F-C40AA9D874C5}.Debug|Any CPU.Build.0 = DVD-5
		{475F6B6E-65C7-4D3E-A51F-C40AA9D874C5}.Debug|Mixed Platforms.ActiveCfg = DVD-5
		{475F6B6E-65C7-4D3E-A51F-C40AA9D874C5}.Debug|Mixed Platforms.Build.0 = DVD-5
		{475F6B6E-65C7-4D3E-A51F-C40AA9D874C5}.Debug|Win32.ActiveCfg = DVD-5
		{475F6B6E-65C7-4D3E-A51F-C40AA9D874C5}.Debug|Win32.Build.0 = DVD-5
		{475F6B6E-65C7-4D3E-A51F-C40AA9D874C5}.Debug|x64.ActiveCfg = DVD-5
		{475F6B6E-65C7-4D3E-A51F-C40AA9D874C5}.Debug|x64.Build.0 = DVD-5
		{475F6B6E-65C7-4D3E-A51F-C40AA9D874C5}.Debug|x86.ActiveCfg = SingleImage
		{475F6B6E-65C7-4D3E-A51F-C40AA9D874C5}.Debug|x86.Build.0 = SingleImage
		{475F6B6E-65C7-4D3E-A51F-C40AA9D874C5}.Release|Any CPU.ActiveCfg = SingleImage
		{475F6B6E-65C7-4D3E-A51F-C40AA9D874C5}.Release|Any CPU.Build.0 = SingleImage
		{475F6B6E-65C7-4D3E-A51F-C40AA9D874C5}.Release|Mixed Platforms.ActiveCfg = SingleImage
		{475F6B6E-65C7-4D3E-A51F-C40AA9D874C5}.Release|Mixed Platforms.Build.0 = SingleImage
		{475F6B6E-65C7-4D3E-A51F-C40AA9D874C5}.Release|Win32.ActiveCfg = SingleImage
		{475F6B6E-65C7-4D3E-A51F-C40AA9D874C5}.Release|Win32.Build.0 = SingleImage
		{475F6B6E-65C7-4D3E-A51F-C40AA9D874C5}.Release|x64.ActiveCfg = SingleImage
		{475F6B6E-65C7-4D3E-A51F-C40AA9D874C5}.Release|x64.Build.0 = SingleImage
		{475F6B6E-65C7-4D3E-A51F-C40AA9D874C5}.Release|x86.ActiveCfg = SingleImage
		{475F6B6E-65C7-4D3E-A51F-C40AA9D874C5}.SingleImage|Any CPU.ActiveCfg = SingleImage
		{475F6B6E-65C7-4D3E-A51F-C40AA9D874C5}.SingleImage|Any CPU.Build.0 = SingleImage
		{475F6B6E-65C7-4D3E-A51F-C40AA9D874C5}.SingleImage|Mixed Platforms.ActiveCfg = SingleImage
		{475F6B6E-65C7-4D3E-A51F-C40AA9D874C5}.SingleImage|Mixed Platforms.Build.0 = SingleImage
		{475F6B6E-65C7-4D3E-A51F-C40AA9D874C5}.SingleImage|Win32.ActiveCfg = SingleImage
		{475F6B6E-65C7-4D3E-A51F-C40AA9D874C5}.SingleImage|Win32.Build.0 = SingleImage
		{475F6B6E-65C7-4D3E-A51F-C40AA9D874C5}.SingleImage|x64.ActiveCfg = SingleImage
		{475F6B6E-65C7-4D3E-A51F-C40AA9D874C5}.SingleImage|x64.Build.0 = SingleImage
		{475F6B6E-65C7-4D3E-A51F-C40AA9D874C5}.SingleImage|x86.ActiveCfg = SingleImage
		{475F6B6E-65C7-4D3E-A51F-C40AA9D874C5}.SingleImage|x86.Build.0 = SingleImage
	EndGlobalSection
	GlobalSection(SolutionProperties) = preSolution
		HideSolutionNode = FALSE
	EndGlobalSection
EndGlobal
